{
  "version": 4,
  "terraform_version": "1.3.7",
  "serial": 20,
  "lineage": "85dd0bfd-d30d-eb56-c8ea-79dfe6f4f076",
  "outputs": {
    "queue_url": {
      "value": "https://sqs.us-east-1.amazonaws.com/077210449609/jeff_queue-devzim-dev",
      "type": "string"
    }
  },
  "resources": [
    {
      "module": "module.sqs",
      "mode": "data",
      "type": "aws_caller_identity",
      "name": "get_accountid",
      "provider": "provider[\"registry.terraform.io/hashicorp/aws\"]",
      "instances": [
        {
          "schema_version": 0,
          "attributes": {
            "account_id": "077210449609",
            "arn": "arn:aws:iam::077210449609:user/jeferson.lemos",
            "id": "077210449609",
            "user_id": "AIDAIYVPDID2EECVZZTHU"
          },
          "sensitive_attributes": []
        }
      ]
    },
    {
      "module": "module.sqs",
      "mode": "managed",
      "type": "aws_sqs_queue",
      "name": "sqs",
      "provider": "provider[\"registry.terraform.io/hashicorp/aws\"]",
      "instances": [
        {
          "schema_version": 0,
          "attributes": {
            "arn": "arn:aws:sqs:us-east-1:077210449609:jeff_queue-devzim-dev",
            "content_based_deduplication": false,
            "deduplication_scope": "",
            "delay_seconds": 0,
            "fifo_queue": false,
            "fifo_throughput_limit": "",
            "id": "https://sqs.us-east-1.amazonaws.com/077210449609/jeff_queue-devzim-dev",
            "kms_data_key_reuse_period_seconds": 300,
            "kms_master_key_id": "",
            "max_message_size": 262144,
            "message_retention_seconds": 73,
            "name": "jeff_queue-devzim-dev",
            "name_prefix": "",
            "policy": "",
            "receive_wait_time_seconds": 0,
            "redrive_allow_policy": "",
            "redrive_policy": "",
            "sqs_managed_sse_enabled": true,
            "tags": {
              "Environment": "devzim",
              "Name": "jeff_queue"
            },
            "tags_all": {
              "Environment": "devzim",
              "Name": "jeff_queue"
            },
            "url": "https://sqs.us-east-1.amazonaws.com/077210449609/jeff_queue-devzim-dev",
            "visibility_timeout_seconds": 73
          },
          "sensitive_attributes": [],
          "private": "bnVsbA=="
        }
      ]
    },
    {
      "module": "module.sqs",
      "mode": "managed",
      "type": "aws_sqs_queue_policy",
      "name": "sqs_policy",
      "provider": "provider[\"registry.terraform.io/hashicorp/aws\"]",
      "instances": [
        {
          "schema_version": 1,
          "attributes": {
            "id": "https://sqs.us-east-1.amazonaws.com/077210449609/jeff_queue-devzim-dev",
            "policy": "{\"Id\":\"sqspolicy\",\"Statement\":[{\"Action\":\"SQS:*\",\"Effect\":\"Allow\",\"Principal\":{\"AWS\":\"arn:aws:iam::077210449609:user/jeferson.lemos\"},\"Resource\":\"arn:aws:sqs:us-east-1:077210449609:jeff_queue-devzim-dev\",\"Sid\":\"sqs_queue\"}],\"Version\":\"2012-10-17\"}",
            "queue_url": "https://sqs.us-east-1.amazonaws.com/077210449609/jeff_queue-devzim-dev"
          },
          "sensitive_attributes": [],
          "private": "eyJzY2hlbWFfdmVyc2lvbiI6IjEifQ==",
          "dependencies": [
            "module.sqs.aws_sqs_queue.sqs",
            "module.sqs.data.aws_caller_identity.get_accountid"
          ]
        }
      ]
    }
  ],
  "check_results": null
}
